
Microsoft Visual Studio Solution File, Format Version 12.00
# Visual Studio 14
VisualStudioVersion = 14.0.23107.0
MinimumVisualStudioVersion = 10.0.40219.1
Project("{FAE04EC0-301F-11D3-BF4B-00C04F79EFBC}") = "CalculatorXAML", "CalculatorXAML\CalculatorXAML\CalculatorXAML.csproj", "{A6FB6CDC-180F-4490-8AAC-1BF4367F39CE}"
EndProject
Project("{FAE04EC0-301F-11D3-BF4B-00C04F79EFBC}") = "CalculatorXAML.iOS", "CalculatorXAML\CalculatorXAML.iOS\CalculatorXAML.iOS.csproj", "{E9035602-1101-40D6-B8DC-CCBA3B729791}"
EndProject
Project("{FAE04EC0-301F-11D3-BF4B-00C04F79EFBC}") = "CalculatorXAML.Droid", "CalculatorXAML\CalculatorXAML.Droid\CalculatorXAML.Droid.csproj", "{8219DBB8-A3E2-4E10-ADDD-268FEAD9DA74}"
EndProject
Project("{FAE04EC0-301F-11D3-BF4B-00C04F79EFBC}") = "CalculatorXAML.WinPhone", "CalculatorXAML\CalculatorXAML.WinPhone\CalculatorXAML.WinPhone.csproj", "{7AF88556-DB03-4F86-9202-B685E7607AB2}"
EndProject
Project("{FAE04EC0-301F-11D3-BF4B-00C04F79EFBC}") = "CalculatorXAML.Tests", "CalculatorXAML.Tests\CalculatorXAML.Tests.csproj", "{38FE532E-C4BA-43BA-839A-A99997C52197}"
EndProject
Global
	GlobalSection(SolutionConfigurationPlatforms) = preSolution
		Ad-Hoc|Any CPU = Ad-Hoc|Any CPU
		Ad-Hoc|ARM = Ad-Hoc|ARM
		Ad-Hoc|iPhone = Ad-Hoc|iPhone
		Ad-Hoc|iPhoneSimulator = Ad-Hoc|iPhoneSimulator
		Ad-Hoc|x86 = Ad-Hoc|x86
		AppStore|Any CPU = AppStore|Any CPU
		AppStore|ARM = AppStore|ARM
		AppStore|iPhone = AppStore|iPhone
		AppStore|iPhoneSimulator = AppStore|iPhoneSimulator
		AppStore|x86 = AppStore|x86
		Debug|Any CPU = Debug|Any CPU
		Debug|ARM = Debug|ARM
		Debug|iPhone = Debug|iPhone
		Debug|iPhoneSimulator = Debug|iPhoneSimulator
		Debug|x86 = Debug|x86
		Release|Any CPU = Release|Any CPU
		Release|ARM = Release|ARM
		Release|iPhone = Release|iPhone
		Release|iPhoneSimulator = Release|iPhoneSimulator
		Release|x86 = Release|x86
	EndGlobalSection
	GlobalSection(ProjectConfigurationPlatforms) = postSolution
		{A6FB6CDC-180F-4490-8AAC-1BF4367F39CE}.Ad-Hoc|Any CPU.ActiveCfg = Release|Any CPU
		{A6FB6CDC-180F-4490-8AAC-1BF4367F39CE}.Ad-Hoc|Any CPU.Build.0 = Release|Any CPU
		{A6FB6CDC-180F-4490-8AAC-1BF4367F39CE}.Ad-Hoc|ARM.ActiveCfg = Release|Any CPU
		{A6FB6CDC-180F-4490-8AAC-1BF4367F39CE}.Ad-Hoc|ARM.Build.0 = Release|Any CPU
		{A6FB6CDC-180F-4490-8AAC-1BF4367F39CE}.Ad-Hoc|iPhone.ActiveCfg = Release|Any CPU
		{A6FB6CDC-180F-4490-8AAC-1BF4367F39CE}.Ad-Hoc|iPhone.Build.0 = Release|Any CPU
		{A6FB6CDC-180F-4490-8AAC-1BF4367F39CE}.Ad-Hoc|iPhoneSimulator.ActiveCfg = Release|Any CPU
		{A6FB6CDC-180F-4490-8AAC-1BF4367F39CE}.Ad-Hoc|iPhoneSimulator.Build.0 = Release|Any CPU
		{A6FB6CDC-180F-4490-8AAC-1BF4367F39CE}.Ad-Hoc|x86.ActiveCfg = Release|Any CPU
		{A6FB6CDC-180F-4490-8AAC-1BF4367F39CE}.Ad-Hoc|x86.Build.0 = Release|Any CPU
		{A6FB6CDC-180F-4490-8AAC-1BF4367F39CE}.AppStore|Any CPU.ActiveCfg = Release|Any CPU
		{A6FB6CDC-180F-4490-8AAC-1BF4367F39CE}.AppStore|Any CPU.Build.0 = Release|Any CPU
		{A6FB6CDC-180F-4490-8AAC-1BF4367F39CE}.AppStore|ARM.ActiveCfg = Release|Any CPU
		{A6FB6CDC-180F-4490-8AAC-1BF4367F39CE}.AppStore|ARM.Build.0 = Release|Any CPU
		{A6FB6CDC-180F-4490-8AAC-1BF4367F39CE}.AppStore|iPhone.ActiveCfg = Release|Any CPU
		{A6FB6CDC-180F-4490-8AAC-1BF4367F39CE}.AppStore|iPhone.Build.0 = Release|Any CPU
		{A6FB6CDC-180F-4490-8AAC-1BF4367F39CE}.AppStore|iPhoneSimulator.ActiveCfg = Release|Any CPU
		{A6FB6CDC-180F-4490-8AAC-1BF4367F39CE}.AppStore|iPhoneSimulator.Build.0 = Release|Any CPU
		{A6FB6CDC-180F-4490-8AAC-1BF4367F39CE}.AppStore|x86.ActiveCfg = Release|Any CPU
		{A6FB6CDC-180F-4490-8AAC-1BF4367F39CE}.AppStore|x86.Build.0 = Release|Any CPU
		{A6FB6CDC-180F-4490-8AAC-1BF4367F39CE}.Debug|Any CPU.ActiveCfg = Debug|Any CPU
		{A6FB6CDC-180F-4490-8AAC-1BF4367F39CE}.Debug|Any CPU.Build.0 = Debug|Any CPU
		{A6FB6CDC-180F-4490-8AAC-1BF4367F39CE}.Debug|ARM.ActiveCfg = Debug|Any CPU
		{A6FB6CDC-180F-4490-8AAC-1BF4367F39CE}.Debug|ARM.Build.0 = Debug|Any CPU
		{A6FB6CDC-180F-4490-8AAC-1BF4367F39CE}.Debug|iPhone.ActiveCfg = Debug|Any CPU
		{A6FB6CDC-180F-4490-8AAC-1BF4367F39CE}.Debug|iPhone.Build.0 = Debug|Any CPU
		{A6FB6CDC-180F-4490-8AAC-1BF4367F39CE}.Debug|iPhoneSimulator.ActiveCfg = Debug|Any CPU
		{A6FB6CDC-180F-4490-8AAC-1BF4367F39CE}.Debug|iPhoneSimulator.Build.0 = Debug|Any CPU
		{A6FB6CDC-180F-4490-8AAC-1BF4367F39CE}.Debug|x86.ActiveCfg = Debug|Any CPU
		{A6FB6CDC-180F-4490-8AAC-1BF4367F39CE}.Debug|x86.Build.0 = Debug|Any CPU
		{A6FB6CDC-180F-4490-8AAC-1BF4367F39CE}.Release|Any CPU.ActiveCfg = Release|Any CPU
		{A6FB6CDC-180F-4490-8AAC-1BF4367F39CE}.Release|Any CPU.Build.0 = Release|Any CPU
		{A6FB6CDC-180F-4490-8AAC-1BF4367F39CE}.Release|ARM.ActiveCfg = Release|Any CPU
		{A6FB6CDC-180F-4490-8AAC-1BF4367F39CE}.Release|ARM.Build.0 = Release|Any CPU
		{A6FB6CDC-180F-4490-8AAC-1BF4367F39CE}.Release|iPhone.ActiveCfg = Release|Any CPU
		{A6FB6CDC-180F-4490-8AAC-1BF4367F39CE}.Release|iPhone.Build.0 = Release|Any CPU
		{A6FB6CDC-180F-4490-8AAC-1BF4367F39CE}.Release|iPhoneSimulator.ActiveCfg = Release|Any CPU
		{A6FB6CDC-180F-4490-8AAC-1BF4367F39CE}.Release|iPhoneSimulator.Build.0 = Release|Any CPU
		{A6FB6CDC-180F-4490-8AAC-1BF4367F39CE}.Release|x86.ActiveCfg = Release|Any CPU
		{A6FB6CDC-180F-4490-8AAC-1BF4367F39CE}.Release|x86.Build.0 = Release|Any CPU
		{E9035602-1101-40D6-B8DC-CCBA3B729791}.Ad-Hoc|Any CPU.ActiveCfg = Ad-Hoc|iPhone
		{E9035602-1101-40D6-B8DC-CCBA3B729791}.Ad-Hoc|ARM.ActiveCfg = Ad-Hoc|iPhone
		{E9035602-1101-40D6-B8DC-CCBA3B729791}.Ad-Hoc|iPhone.ActiveCfg = Ad-Hoc|iPhone
		{E9035602-1101-40D6-B8DC-CCBA3B729791}.Ad-Hoc|iPhone.Build.0 = Ad-Hoc|iPhone
		{E9035602-1101-40D6-B8DC-CCBA3B729791}.Ad-Hoc|iPhoneSimulator.ActiveCfg = Ad-Hoc|iPhoneSimulator
		{E9035602-1101-40D6-B8DC-CCBA3B729791}.Ad-Hoc|iPhoneSimulator.Build.0 = Ad-Hoc|iPhoneSimulator
		{E9035602-1101-40D6-B8DC-CCBA3B729791}.Ad-Hoc|x86.ActiveCfg = Ad-Hoc|iPhone
		{E9035602-1101-40D6-B8DC-CCBA3B729791}.AppStore|Any CPU.ActiveCfg = AppStore|iPhone
		{E9035602-1101-40D6-B8DC-CCBA3B729791}.AppStore|ARM.ActiveCfg = AppStore|iPhone
		{E9035602-1101-40D6-B8DC-CCBA3B729791}.AppStore|iPhone.ActiveCfg = AppStore|iPhone
		{E9035602-1101-40D6-B8DC-CCBA3B729791}.AppStore|iPhone.Build.0 = AppStore|iPhone
		{E9035602-1101-40D6-B8DC-CCBA3B729791}.AppStore|iPhoneSimulator.ActiveCfg = AppStore|iPhoneSimulator
		{E9035602-1101-40D6-B8DC-CCBA3B729791}.AppStore|iPhoneSimulator.Build.0 = AppStore|iPhoneSimulator
		{E9035602-1101-40D6-B8DC-CCBA3B729791}.AppStore|x86.ActiveCfg = AppStore|iPhone
		{E9035602-1101-40D6-B8DC-CCBA3B729791}.Debug|Any CPU.ActiveCfg = Debug|iPhone
		{E9035602-1101-40D6-B8DC-CCBA3B729791}.Debug|ARM.ActiveCfg = Debug|iPhone
		{E9035602-1101-40D6-B8DC-CCBA3B729791}.Debug|iPhone.ActiveCfg = Debug|iPhone
		{E9035602-1101-40D6-B8DC-CCBA3B729791}.Debug|iPhone.Build.0 = Debug|iPhone
		{E9035602-1101-40D6-B8DC-CCBA3B729791}.Debug|iPhoneSimulator.ActiveCfg = Debug|iPhoneSimulator
		{E9035602-1101-40D6-B8DC-CCBA3B729791}.Debug|iPhoneSimulator.Build.0 = Debug|iPhoneSimulator
		{E9035602-1101-40D6-B8DC-CCBA3B729791}.Debug|x86.ActiveCfg = Debug|iPhone
		{E9035602-1101-40D6-B8DC-CCBA3B729791}.Release|Any CPU.ActiveCfg = Release|iPhone
		{E9035602-1101-40D6-B8DC-CCBA3B729791}.Release|ARM.ActiveCfg = Release|iPhone
		{E9035602-1101-40D6-B8DC-CCBA3B729791}.Release|iPhone.ActiveCfg = Release|iPhone
		{E9035602-1101-40D6-B8DC-CCBA3B729791}.Release|iPhone.Build.0 = Release|iPhone
		{E9035602-1101-40D6-B8DC-CCBA3B729791}.Release|iPhoneSimulator.ActiveCfg = Release|iPhoneSimulator
		{E9035602-1101-40D6-B8DC-CCBA3B729791}.Release|iPhoneSimulator.Build.0 = Release|iPhoneSimulator
		{E9035602-1101-40D6-B8DC-CCBA3B729791}.Release|x86.ActiveCfg = Release|iPhone
		{8219DBB8-A3E2-4E10-ADDD-268FEAD9DA74}.Ad-Hoc|Any CPU.ActiveCfg = Release|Any CPU
		{8219DBB8-A3E2-4E10-ADDD-268FEAD9DA74}.Ad-Hoc|Any CPU.Build.0 = Release|Any CPU
		{8219DBB8-A3E2-4E10-ADDD-268FEAD9DA74}.Ad-Hoc|Any CPU.Deploy.0 = Release|Any CPU
		{8219DBB8-A3E2-4E10-ADDD-268FEAD9DA74}.Ad-Hoc|ARM.ActiveCfg = Release|Any CPU
		{8219DBB8-A3E2-4E10-ADDD-268FEAD9DA74}.Ad-Hoc|ARM.Build.0 = Release|Any CPU
		{8219DBB8-A3E2-4E10-ADDD-268FEAD9DA74}.Ad-Hoc|ARM.Deploy.0 = Release|Any CPU
		{8219DBB8-A3E2-4E10-ADDD-268FEAD9DA74}.Ad-Hoc|iPhone.ActiveCfg = Release|Any CPU
		{8219DBB8-A3E2-4E10-ADDD-268FEAD9DA74}.Ad-Hoc|iPhone.Build.0 = Release|Any CPU
		{8219DBB8-A3E2-4E10-ADDD-268FEAD9DA74}.Ad-Hoc|iPhone.Deploy.0 = Release|Any CPU
		{8219DBB8-A3E2-4E10-ADDD-268FEAD9DA74}.Ad-Hoc|iPhoneSimulator.ActiveCfg = Release|Any CPU
		{8219DBB8-A3E2-4E10-ADDD-268FEAD9DA74}.Ad-Hoc|iPhoneSimulator.Build.0 = Release|Any CPU
		{8219DBB8-A3E2-4E10-ADDD-268FEAD9DA74}.Ad-Hoc|iPhoneSimulator.Deploy.0 = Release|Any CPU
		{8219DBB8-A3E2-4E10-ADDD-268FEAD9DA74}.Ad-Hoc|x86.ActiveCfg = Release|Any CPU
		{8219DBB8-A3E2-4E10-ADDD-268FEAD9DA74}.Ad-Hoc|x86.Build.0 = Release|Any CPU
		{8219DBB8-A3E2-4E10-ADDD-268FEAD9DA74}.Ad-Hoc|x86.Deploy.0 = Release|Any CPU
		{8219DBB8-A3E2-4E10-ADDD-268FEAD9DA74}.AppStore|Any CPU.ActiveCfg = Release|Any CPU
		{8219DBB8-A3E2-4E10-ADDD-268FEAD9DA74}.AppStore|Any CPU.Build.0 = Release|Any CPU
		{8219DBB8-A3E2-4E10-ADDD-268FEAD9DA74}.AppStore|Any CPU.Deploy.0 = Release|Any CPU
		{8219DBB8-A3E2-4E10-ADDD-268FEAD9DA74}.AppStore|ARM.ActiveCfg = Release|Any CPU
		{8219DBB8-A3E2-4E10-ADDD-268FEAD9DA74}.AppStore|ARM.Build.0 = Release|Any CPU
		{8219DBB8-A3E2-4E10-ADDD-268FEAD9DA74}.AppStore|ARM.Deploy.0 = Release|Any CPU
		{8219DBB8-A3E2-4E10-ADDD-268FEAD9DA74}.AppStore|iPhone.ActiveCfg = Release|Any CPU
		{8219DBB8-A3E2-4E10-ADDD-268FEAD9DA74}.AppStore|iPhone.Build.0 = Release|Any CPU
		{8219DBB8-A3E2-4E10-ADDD-268FEAD9DA74}.AppStore|iPhone.Deploy.0 = Release|Any CPU
		{8219DBB8-A3E2-4E10-ADDD-268FEAD9DA74}.AppStore|iPhoneSimulator.ActiveCfg = Release|Any CPU
		{8219DBB8-A3E2-4E10-ADDD-268FEAD9DA74}.AppStore|iPhoneSimulator.Build.0 = Release|Any CPU
		{8219DBB8-A3E2-4E10-ADDD-268FEAD9DA74}.AppStore|iPhoneSimulator.Deploy.0 = Release|Any CPU
		{8219DBB8-A3E2-4E10-ADDD-268FEAD9DA74}.AppStore|x86.ActiveCfg = Release|Any CPU
		{8219DBB8-A3E2-4E10-ADDD-268FEAD9DA74}.AppStore|x86.Build.0 = Release|Any CPU
		{8219DBB8-A3E2-4E10-ADDD-268FEAD9DA74}.AppStore|x86.Deploy.0 = Release|Any CPU
		{8219DBB8-A3E2-4E10-ADDD-268FEAD9DA74}.Debug|Any CPU.ActiveCfg = Debug|Any CPU
		{8219DBB8-A3E2-4E10-ADDD-268FEAD9DA74}.Debug|Any CPU.Build.0 = Debug|Any CPU
		{8219DBB8-A3E2-4E10-ADDD-268FEAD9DA74}.Debug|Any CPU.Deploy.0 = Debug|Any CPU
		{8219DBB8-A3E2-4E10-ADDD-268FEAD9DA74}.Debug|ARM.ActiveCfg = Debug|Any CPU
		{8219DBB8-A3E2-4E10-ADDD-268FEAD9DA74}.Debug|ARM.Build.0 = Debug|Any CPU
		{8219DBB8-A3E2-4E10-ADDD-268FEAD9DA74}.Debug|ARM.Deploy.0 = Debug|Any CPU
		{8219DBB8-A3E2-4E10-ADDD-268FEAD9DA74}.Debug|iPhone.ActiveCfg = Debug|Any CPU
		{8219DBB8-A3E2-4E10-ADDD-268FEAD9DA74}.Debug|iPhone.Build.0 = Debug|Any CPU
		{8219DBB8-A3E2-4E10-ADDD-268FEAD9DA74}.Debug|iPhone.Deploy.0 = Debug|Any CPU
		{8219DBB8-A3E2-4E10-ADDD-268FEAD9DA74}.Debug|iPhoneSimulator.ActiveCfg = Debug|Any CPU
		{8219DBB8-A3E2-4E10-ADDD-268FEAD9DA74}.Debug|iPhoneSimulator.Build.0 = Debug|Any CPU
		{8219DBB8-A3E2-4E10-ADDD-268FEAD9DA74}.Debug|iPhoneSimulator.Deploy.0 = Debug|Any CPU
		{8219DBB8-A3E2-4E10-ADDD-268FEAD9DA74}.Debug|x86.ActiveCfg = Debug|Any CPU
		{8219DBB8-A3E2-4E10-ADDD-268FEAD9DA74}.Debug|x86.Build.0 = Debug|Any CPU
		{8219DBB8-A3E2-4E10-ADDD-268FEAD9DA74}.Debug|x86.Deploy.0 = Debug|Any CPU
		{8219DBB8-A3E2-4E10-ADDD-268FEAD9DA74}.Release|Any CPU.ActiveCfg = Release|Any CPU
		{8219DBB8-A3E2-4E10-ADDD-268FEAD9DA74}.Release|Any CPU.Build.0 = Release|Any CPU
		{8219DBB8-A3E2-4E10-ADDD-268FEAD9DA74}.Release|Any CPU.Deploy.0 = Release|Any CPU
		{8219DBB8-A3E2-4E10-ADDD-268FEAD9DA74}.Release|ARM.ActiveCfg = Release|Any CPU
		{8219DBB8-A3E2-4E10-ADDD-268FEAD9DA74}.Release|ARM.Build.0 = Release|Any CPU
		{8219DBB8-A3E2-4E10-ADDD-268FEAD9DA74}.Release|ARM.Deploy.0 = Release|Any CPU
		{8219DBB8-A3E2-4E10-ADDD-268FEAD9DA74}.Release|iPhone.ActiveCfg = Release|Any CPU
		{8219DBB8-A3E2-4E10-ADDD-268FEAD9DA74}.Release|iPhone.Build.0 = Release|Any CPU
		{8219DBB8-A3E2-4E10-ADDD-268FEAD9DA74}.Release|iPhone.Deploy.0 = Release|Any CPU
		{8219DBB8-A3E2-4E10-ADDD-268FEAD9DA74}.Release|iPhoneSimulator.ActiveCfg = Release|Any CPU
		{8219DBB8-A3E2-4E10-ADDD-268FEAD9DA74}.Release|iPhoneSimulator.Build.0 = Release|Any CPU
		{8219DBB8-A3E2-4E10-ADDD-268FEAD9DA74}.Release|iPhoneSimulator.Deploy.0 = Release|Any CPU
		{8219DBB8-A3E2-4E10-ADDD-268FEAD9DA74}.Release|x86.ActiveCfg = Release|Any CPU
		{8219DBB8-A3E2-4E10-ADDD-268FEAD9DA74}.Release|x86.Build.0 = Release|Any CPU
		{8219DBB8-A3E2-4E10-ADDD-268FEAD9DA74}.Release|x86.Deploy.0 = Release|Any CPU
		{7AF88556-DB03-4F86-9202-B685E7607AB2}.Ad-Hoc|Any CPU.ActiveCfg = Release|Any CPU
		{7AF88556-DB03-4F86-9202-B685E7607AB2}.Ad-Hoc|Any CPU.Build.0 = Release|Any CPU
		{7AF88556-DB03-4F86-9202-B685E7607AB2}.Ad-Hoc|Any CPU.Deploy.0 = Release|Any CPU
		{7AF88556-DB03-4F86-9202-B685E7607AB2}.Ad-Hoc|ARM.ActiveCfg = Release|ARM
		{7AF88556-DB03-4F86-9202-B685E7607AB2}.Ad-Hoc|ARM.Build.0 = Release|ARM
		{7AF88556-DB03-4F86-9202-B685E7607AB2}.Ad-Hoc|ARM.Deploy.0 = Release|ARM
		{7AF88556-DB03-4F86-9202-B685E7607AB2}.Ad-Hoc|iPhone.ActiveCfg = Release|Any CPU
		{7AF88556-DB03-4F86-9202-B685E7607AB2}.Ad-Hoc|iPhone.Build.0 = Release|Any CPU
		{7AF88556-DB03-4F86-9202-B685E7607AB2}.Ad-Hoc|iPhone.Deploy.0 = Release|Any CPU
		{7AF88556-DB03-4F86-9202-B685E7607AB2}.Ad-Hoc|iPhoneSimulator.ActiveCfg = Release|Any CPU
		{7AF88556-DB03-4F86-9202-B685E7607AB2}.Ad-Hoc|iPhoneSimulator.Build.0 = Release|Any CPU
		{7AF88556-DB03-4F86-9202-B685E7607AB2}.Ad-Hoc|iPhoneSimulator.Deploy.0 = Release|Any CPU
		{7AF88556-DB03-4F86-9202-B685E7607AB2}.Ad-Hoc|x86.ActiveCfg = Release|x86
		{7AF88556-DB03-4F86-9202-B685E7607AB2}.Ad-Hoc|x86.Build.0 = Release|x86
		{7AF88556-DB03-4F86-9202-B685E7607AB2}.Ad-Hoc|x86.Deploy.0 = Release|x86
		{7AF88556-DB03-4F86-9202-B685E7607AB2}.AppStore|Any CPU.ActiveCfg = Release|Any CPU
		{7AF88556-DB03-4F86-9202-B685E7607AB2}.AppStore|Any CPU.Build.0 = Release|Any CPU
		{7AF88556-DB03-4F86-9202-B685E7607AB2}.AppStore|Any CPU.Deploy.0 = Release|Any CPU
		{7AF88556-DB03-4F86-9202-B685E7607AB2}.AppStore|ARM.ActiveCfg = Release|ARM
		{7AF88556-DB03-4F86-9202-B685E7607AB2}.AppStore|ARM.Build.0 = Release|ARM
		{7AF88556-DB03-4F86-9202-B685E7607AB2}.AppStore|ARM.Deploy.0 = Release|ARM
		{7AF88556-DB03-4F86-9202-B685E7607AB2}.AppStore|iPhone.ActiveCfg = Release|Any CPU
		{7AF88556-DB03-4F86-9202-B685E7607AB2}.AppStore|iPhone.Build.0 = Release|Any CPU
		{7AF88556-DB03-4F86-9202-B685E7607AB2}.AppStore|iPhone.Deploy.0 = Release|Any CPU
		{7AF88556-DB03-4F86-9202-B685E7607AB2}.AppStore|iPhoneSimulator.ActiveCfg = Release|Any CPU
		{7AF88556-DB03-4F86-9202-B685E7607AB2}.AppStore|iPhoneSimulator.Build.0 = Release|Any CPU
		{7AF88556-DB03-4F86-9202-B685E7607AB2}.AppStore|iPhoneSimulator.Deploy.0 = Release|Any CPU
		{7AF88556-DB03-4F86-9202-B685E7607AB2}.AppStore|x86.ActiveCfg = Release|x86
		{7AF88556-DB03-4F86-9202-B685E7607AB2}.AppStore|x86.Build.0 = Release|x86
		{7AF88556-DB03-4F86-9202-B685E7607AB2}.AppStore|x86.Deploy.0 = Release|x86
		{7AF88556-DB03-4F86-9202-B685E7607AB2}.Debug|Any CPU.ActiveCfg = Debug|Any CPU
		{7AF88556-DB03-4F86-9202-B685E7607AB2}.Debug|Any CPU.Build.0 = Debug|Any CPU
		{7AF88556-DB03-4F86-9202-B685E7607AB2}.Debug|Any CPU.Deploy.0 = Debug|Any CPU
		{7AF88556-DB03-4F86-9202-B685E7607AB2}.Debug|ARM.ActiveCfg = Debug|ARM
		{7AF88556-DB03-4F86-9202-B685E7607AB2}.Debug|ARM.Build.0 = Debug|ARM
		{7AF88556-DB03-4F86-9202-B685E7607AB2}.Debug|ARM.Deploy.0 = Debug|ARM
		{7AF88556-DB03-4F86-9202-B685E7607AB2}.Debug|iPhone.ActiveCfg = Debug|Any CPU
		{7AF88556-DB03-4F86-9202-B685E7607AB2}.Debug|iPhone.Build.0 = Debug|Any CPU
		{7AF88556-DB03-4F86-9202-B685E7607AB2}.Debug|iPhone.Deploy.0 = Debug|Any CPU
		{7AF88556-DB03-4F86-9202-B685E7607AB2}.Debug|iPhoneSimulator.ActiveCfg = Debug|Any CPU
		{7AF88556-DB03-4F86-9202-B685E7607AB2}.Debug|iPhoneSimulator.Build.0 = Debug|Any CPU
		{7AF88556-DB03-4F86-9202-B685E7607AB2}.Debug|iPhoneSimulator.Deploy.0 = Debug|Any CPU
		{7AF88556-DB03-4F86-9202-B685E7607AB2}.Debug|x86.ActiveCfg = Debug|x86
		{7AF88556-DB03-4F86-9202-B685E7607AB2}.Debug|x86.Build.0 = Debug|x86
		{7AF88556-DB03-4F86-9202-B685E7607AB2}.Debug|x86.Deploy.0 = Debug|x86
		{7AF88556-DB03-4F86-9202-B685E7607AB2}.Release|Any CPU.ActiveCfg = Release|Any CPU
		{7AF88556-DB03-4F86-9202-B685E7607AB2}.Release|Any CPU.Build.0 = Release|Any CPU
		{7AF88556-DB03-4F86-9202-B685E7607AB2}.Release|Any CPU.Deploy.0 = Release|Any CPU
		{7AF88556-DB03-4F86-9202-B685E7607AB2}.Release|ARM.ActiveCfg = Release|ARM
		{7AF88556-DB03-4F86-9202-B685E7607AB2}.Release|ARM.Build.0 = Release|ARM
		{7AF88556-DB03-4F86-9202-B685E7607AB2}.Release|ARM.Deploy.0 = Release|ARM
		{7AF88556-DB03-4F86-9202-B685E7607AB2}.Release|iPhone.ActiveCfg = Release|Any CPU
		{7AF88556-DB03-4F86-9202-B685E7607AB2}.Release|iPhone.Build.0 = Release|Any CPU
		{7AF88556-DB03-4F86-9202-B685E7607AB2}.Release|iPhone.Deploy.0 = Release|Any CPU
		{7AF88556-DB03-4F86-9202-B685E7607AB2}.Release|iPhoneSimulator.ActiveCfg = Release|Any CPU
		{7AF88556-DB03-4F86-9202-B685E7607AB2}.Release|iPhoneSimulator.Build.0 = Release|Any CPU
		{7AF88556-DB03-4F86-9202-B685E7607AB2}.Release|iPhoneSimulator.Deploy.0 = Release|Any CPU
		{7AF88556-DB03-4F86-9202-B685E7607AB2}.Release|x86.ActiveCfg = Release|x86
		{7AF88556-DB03-4F86-9202-B685E7607AB2}.Release|x86.Build.0 = Release|x86
		{7AF88556-DB03-4F86-9202-B685E7607AB2}.Release|x86.Deploy.0 = Release|x86
		{38FE532E-C4BA-43BA-839A-A99997C52197}.Ad-Hoc|Any CPU.ActiveCfg = Release|Any CPU
		{38FE532E-C4BA-43BA-839A-A99997C52197}.Ad-Hoc|Any CPU.Build.0 = Release|Any CPU
		{38FE532E-C4BA-43BA-839A-A99997C52197}.Ad-Hoc|ARM.ActiveCfg = Release|Any CPU
		{38FE532E-C4BA-43BA-839A-A99997C52197}.Ad-Hoc|ARM.Build.0 = Release|Any CPU
		{38FE532E-C4BA-43BA-839A-A99997C52197}.Ad-Hoc|iPhone.ActiveCfg = Release|Any CPU
		{38FE532E-C4BA-43BA-839A-A99997C52197}.Ad-Hoc|iPhone.Build.0 = Release|Any CPU
		{38FE532E-C4BA-43BA-839A-A99997C52197}.Ad-Hoc|iPhoneSimulator.ActiveCfg = Release|Any CPU
		{38FE532E-C4BA-43BA-839A-A99997C52197}.Ad-Hoc|iPhoneSimulator.Build.0 = Release|Any CPU
		{38FE532E-C4BA-43BA-839A-A99997C52197}.Ad-Hoc|x86.ActiveCfg = Release|Any CPU
		{38FE532E-C4BA-43BA-839A-A99997C52197}.Ad-Hoc|x86.Build.0 = Release|Any CPU
		{38FE532E-C4BA-43BA-839A-A99997C52197}.AppStore|Any CPU.ActiveCfg = Release|Any CPU
		{38FE532E-C4BA-43BA-839A-A99997C52197}.AppStore|Any CPU.Build.0 = Release|Any CPU
		{38FE532E-C4BA-43BA-839A-A99997C52197}.AppStore|ARM.ActiveCfg = Release|Any CPU
		{38FE532E-C4BA-43BA-839A-A99997C52197}.AppStore|ARM.Build.0 = Release|Any CPU
		{38FE532E-C4BA-43BA-839A-A99997C52197}.AppStore|iPhone.ActiveCfg = Release|Any CPU
		{38FE532E-C4BA-43BA-839A-A99997C52197}.AppStore|iPhone.Build.0 = Release|Any CPU
		{38FE532E-C4BA-43BA-839A-A99997C52197}.AppStore|iPhoneSimulator.ActiveCfg = Release|Any CPU
		{38FE532E-C4BA-43BA-839A-A99997C52197}.AppStore|iPhoneSimulator.Build.0 = Release|Any CPU
		{38FE532E-C4BA-43BA-839A-A99997C52197}.AppStore|x86.ActiveCfg = Release|Any CPU
		{38FE532E-C4BA-43BA-839A-A99997C52197}.AppStore|x86.Build.0 = Release|Any CPU
		{38FE532E-C4BA-43BA-839A-A99997C52197}.Debug|Any CPU.ActiveCfg = Debug|Any CPU
		{38FE532E-C4BA-43BA-839A-A99997C52197}.Debug|Any CPU.Build.0 = Debug|Any CPU
		{38FE532E-C4BA-43BA-839A-A99997C52197}.Debug|ARM.ActiveCfg = Debug|Any CPU
		{38FE532E-C4BA-43BA-839A-A99997C52197}.Debug|ARM.Build.0 = Debug|Any CPU
		{38FE532E-C4BA-43BA-839A-A99997C52197}.Debug|iPhone.ActiveCfg = Debug|Any CPU
		{38FE532E-C4BA-43BA-839A-A99997C52197}.Debug|iPhone.Build.0 = Debug|Any CPU
		{38FE532E-C4BA-43BA-839A-A99997C52197}.Debug|iPhoneSimulator.ActiveCfg = Debug|Any CPU
		{38FE532E-C4BA-43BA-839A-A99997C52197}.Debug|iPhoneSimulator.Build.0 = Debug|Any CPU
		{38FE532E-C4BA-43BA-839A-A99997C52197}.Debug|x86.ActiveCfg = Debug|Any CPU
		{38FE532E-C4BA-43BA-839A-A99997C52197}.Debug|x86.Build.0 = Debug|Any CPU
		{38FE532E-C4BA-43BA-839A-A99997C52197}.Release|Any CPU.ActiveCfg = Release|Any CPU
		{38FE532E-C4BA-43BA-839A-A99997C52197}.Release|Any CPU.Build.0 = Release|Any CPU
		{38FE532E-C4BA-43BA-839A-A99997C52197}.Release|ARM.ActiveCfg = Release|Any CPU
		{38FE532E-C4BA-43BA-839A-A99997C52197}.Release|ARM.Build.0 = Release|Any CPU
		{38FE532E-C4BA-43BA-839A-A99997C52197}.Release|iPhone.ActiveCfg = Release|Any CPU
		{38FE532E-C4BA-43BA-839A-A99997C52197}.Release|iPhone.Build.0 = Release|Any CPU
		{38FE532E-C4BA-43BA-839A-A99997C52197}.Release|iPhoneSimulator.ActiveCfg = Release|Any CPU
		{38FE532E-C4BA-43BA-839A-A99997C52197}.Release|iPhoneSimulator.Build.0 = Release|Any CPU
		{38FE532E-C4BA-43BA-839A-A99997C52197}.Release|x86.ActiveCfg = Release|Any CPU
		{38FE532E-C4BA-43BA-839A-A99997C52197}.Release|x86.Build.0 = Release|Any CPU
	EndGlobalSection
	GlobalSection(SolutionProperties) = preSolution
		HideSolutionNode = FALSE
	EndGlobalSection
EndGlobal
